{
    "requires": true,
    "lockfileVersion": 1,
    "dependencies": {
        "@orchidjs/sifter": {
            "version": "0.9.1",
            "resolved": "https://registry.npmjs.org/@orchidjs/sifter/-/sifter-0.9.1.tgz",
            "integrity": "sha512-bdW8vKTlWXfoAvUud0a4OeVPrtdvHH8gTshKqndzxAI6bXGPBejgry2wvIz0OZOqOuWuFAJWgNCjq/6S85U77A=="
        },
        "@popperjs/core": {
            "version": "2.11.5",
            "resolved": "https://registry.npmjs.org/@popperjs/core/-/core-2.11.5.tgz",
            "integrity": "sha512-9X2obfABZuDVLCgPK9aX0a/x4jaOEweTTWE2+9sr0Qqqevj2Uv5XorvusThmc9XGYpS9yI+fhh8RTafBtGposw=="
        },
        "@tabler/core": {
            "version": "1.0.0-beta9",
            "resolved": "https://registry.npmjs.org/@tabler/core/-/core-1.0.0-beta9.tgz",
            "integrity": "sha512-4+QYkL+s0IXZUlJc6oNpugVIFgwXOW5HfcxSO08SKCIaa8uGBZ9OqFq5duX+IpG/PWKroEnIQO8XAGELigvK7A==",
            "requires": {
                "@popperjs/core": "^2.11.2",
                "@tabler/icons": "^1.53.0",
                "bootstrap": "5.1.3"
            }
        },
        "@tabler/icons": {
            "version": "1.70.0",
            "resolved": "https://registry.npmjs.org/@tabler/icons/-/icons-1.70.0.tgz",
            "integrity": "sha512-JsCDrVJdbeMzNWluefQNIjkWIBZMAye+94fdWM96UzrWgDvct8X791wVVgfUurHPF/YtGT9ajOvqr5yo+zDW9g=="
        },
        "@vue/reactivity": {
            "version": "3.1.5",
            "resolved": "https://registry.npmjs.org/@vue/reactivity/-/reactivity-3.1.5.tgz",
            "integrity": "sha512-1tdfLmNjWG6t/CsPldh+foumYFo3cpyCHgBYQ34ylaMsJ+SNHQ1kApMIa8jN+i593zQuaw3AdWH0nJTARzCFhg==",
            "requires": {
                "@vue/shared": "3.1.5"
            }
        },
        "@vue/shared": {
            "version": "3.1.5",
            "resolved": "https://registry.npmjs.org/@vue/shared/-/shared-3.1.5.tgz",
            "integrity": "sha512-oJ4F3TnvpXaQwZJNF3ZK+kLPHKarDmJjJ6jyzVNDKH9md1dptjC7lWR//jrGuLdek/U6iltWxqAnYOu8gCiOvA=="
        },
        "alpinejs": {
            "version": "3.10.2",
            "resolved": "https://registry.npmjs.org/alpinejs/-/alpinejs-3.10.2.tgz",
            "integrity": "sha512-P6DTX78J94FgsskS3eS23s26hfb0NWQZUidBnkUK7fId1x64/kLm5E79lL3HNItUmHDCKOHvfP8EAcuCVab89w==",
            "requires": {
                "@vue/reactivity": "~3.1.1"
            }
        },
        "bootstrap": {
            "version": "5.1.3",
            "resolved": "https://registry.npmjs.org/bootstrap/-/bootstrap-5.1.3.tgz",
            "integrity": "sha512-fcQztozJ8jToQWXxVuEyXWW+dSo8AiXWKwiSSrKWsRB/Qt+Ewwza+JWoLKiTuQLaEPhdNAJ7+Dosc9DOIqNy7Q=="
        },
        "tom-select": {
            "version": "2.0.2",
            "resolved": "https://registry.npmjs.org/tom-select/-/tom-select-2.0.2.tgz",
            "integrity": "sha512-C78Ckq+r9B6lbIYSwV3R+6FPDCjRs49Wam+eaARnPxcekJI4SR78KKpb4QSg62y5mWYpKkxjKVZhslxZWIw6aQ==",
            "requires": {
                "@orchidjs/sifter": "^0.9.1"
            }
        }
    }
}
